// !$*UTF8*$!
{
	archiveVersion = 1;
	classes = {
	};
	objectVersion = 50;
	objects = {

/* Begin PBXBuildFile section */
		24EC958C3E016F931C0682EF /* Pods_EBL_Test.framework in Frameworks */ = {isa = PBXBuildFile; fileRef = 45C6B3120406B0AEE51AE710 /* Pods_EBL_Test.framework */; };
		5A05B8F02238F8BD0091C87E /* AllTeamsCell.swift in Sources */ = {isa = PBXBuildFile; fileRef = 5A05B8EE2238F8BD0091C87E /* AllTeamsCell.swift */; };
		5A05B8F12238F8BD0091C87E /* AllTeamsCell.xib in Resources */ = {isa = PBXBuildFile; fileRef = 5A05B8EF2238F8BD0091C87E /* AllTeamsCell.xib */; };
		5A1260812220B7A600AC1216 /* TeamsViewController.swift in Sources */ = {isa = PBXBuildFile; fileRef = 5A1260802220B7A600AC1216 /* TeamsViewController.swift */; };
		5A1260832220BD0E00AC1216 /* TeamOverviewViewController.swift in Sources */ = {isa = PBXBuildFile; fileRef = 5A1260822220BD0E00AC1216 /* TeamOverviewViewController.swift */; };
		5A1260852220D03F00AC1216 /* TeamGraphsViewController.swift in Sources */ = {isa = PBXBuildFile; fileRef = 5A1260842220D03F00AC1216 /* TeamGraphsViewController.swift */; };
		5A1260872220D06300AC1216 /* PlayersGraphsViewController.swift in Sources */ = {isa = PBXBuildFile; fileRef = 5A1260862220D06300AC1216 /* PlayersGraphsViewController.swift */; };
		5A1ADF772214276F0058B80A /* PlayersOverviewViewController.swift in Sources */ = {isa = PBXBuildFile; fileRef = 5A1ADF762214276F0058B80A /* PlayersOverviewViewController.swift */; };
		5A1B07682215A59E00871710 /* Team.swift in Sources */ = {isa = PBXBuildFile; fileRef = 5A1B07672215A59E00871710 /* Team.swift */; };
		5A1B076A2215A6AC00871710 /* Player.swift in Sources */ = {isa = PBXBuildFile; fileRef = 5A1B07692215A6AC00871710 /* Player.swift */; };
		5A1D8363220BAA1D003EB3C8 /* SplashScreenViewController.swift in Sources */ = {isa = PBXBuildFile; fileRef = 5A1D8362220BAA1D003EB3C8 /* SplashScreenViewController.swift */; };
		5A225CE5228A14EF007A4F25 /* TeamChartManager.swift in Sources */ = {isa = PBXBuildFile; fileRef = 5A225CE4228A14EF007A4F25 /* TeamChartManager.swift */; };
		5A225CEB228A585D007A4F25 /* LineMarkerView1.xib in Resources */ = {isa = PBXBuildFile; fileRef = 5A225CEA228A585D007A4F25 /* LineMarkerView1.xib */; };
		5A225CEF228A591A007A4F25 /* LineMarkerView1.swift in Sources */ = {isa = PBXBuildFile; fileRef = 5A225CEE228A591A007A4F25 /* LineMarkerView1.swift */; };
		5A225CF1228E1D1A007A4F25 /* LineMarkerView2.swift in Sources */ = {isa = PBXBuildFile; fileRef = 5A225CF0228E1D1A007A4F25 /* LineMarkerView2.swift */; };
		5A225CF3228E1D43007A4F25 /* LineMarkerView2.xib in Resources */ = {isa = PBXBuildFile; fileRef = 5A225CF2228E1D43007A4F25 /* LineMarkerView2.xib */; };
		5A225CF5228E26A3007A4F25 /* LineMarkerView3.swift in Sources */ = {isa = PBXBuildFile; fileRef = 5A225CF4228E26A3007A4F25 /* LineMarkerView3.swift */; };
		5A225CF7228E26B0007A4F25 /* LineMarkerView3.xib in Resources */ = {isa = PBXBuildFile; fileRef = 5A225CF6228E26B0007A4F25 /* LineMarkerView3.xib */; };
		5A3762152267BB9E0013063F /* OpponentPickerCollectionViewCell.swift in Sources */ = {isa = PBXBuildFile; fileRef = 5A3762132267BB9E0013063F /* OpponentPickerCollectionViewCell.swift */; };
		5A3762162267BB9E0013063F /* OpponentPickerCollectionViewCell.xib in Resources */ = {isa = PBXBuildFile; fileRef = 5A3762142267BB9E0013063F /* OpponentPickerCollectionViewCell.xib */; };
		5A3AA01A2220482F00BEABCC /* StatsCollectionViewCell.swift in Sources */ = {isa = PBXBuildFile; fileRef = 5A3AA0182220482F00BEABCC /* StatsCollectionViewCell.swift */; };
		5A3AA0202220486300BEABCC /* StatsCollectionViewCell2.xib in Resources */ = {isa = PBXBuildFile; fileRef = 5A3AA01E2220486300BEABCC /* StatsCollectionViewCell2.xib */; };
		5A3AA0262220488300BEABCC /* StatsCollectionViewCell3.xib in Resources */ = {isa = PBXBuildFile; fileRef = 5A3AA0242220488300BEABCC /* StatsCollectionViewCell3.xib */; };
		5A3AA03622204D3200BEABCC /* GridTableCustomLayout.swift in Sources */ = {isa = PBXBuildFile; fileRef = 5A3AA03522204D3200BEABCC /* GridTableCustomLayout.swift */; };
		5A784802225623B100EACA9C /* RadarMarkerView.swift in Sources */ = {isa = PBXBuildFile; fileRef = 5A784801225623B100EACA9C /* RadarMarkerView.swift */; };
		5A85CC50226BD0E2000D913D /* DatabaseSetter.swift in Sources */ = {isa = PBXBuildFile; fileRef = 5A85CC4F226BD0E2000D913D /* DatabaseSetter.swift */; };
		5AB2C4BA22196FAE00F32A85 /* DatabaseManager.swift in Sources */ = {isa = PBXBuildFile; fileRef = 5AB2C4B922196FAE00F32A85 /* DatabaseManager.swift */; };
		5AB2C4BC22198A5700F32A85 /* TeamTotalStats.swift in Sources */ = {isa = PBXBuildFile; fileRef = 5AB2C4BB22198A5700F32A85 /* TeamTotalStats.swift */; };
		5AB2C4BE221991BD00F32A85 /* PlayerTotalStats.swift in Sources */ = {isa = PBXBuildFile; fileRef = 5AB2C4BD221991BD00F32A85 /* PlayerTotalStats.swift */; };
		5AB62A5C2212DC4B00EC0C23 /* SideMenuViewController.swift in Sources */ = {isa = PBXBuildFile; fileRef = 5AB62A5B2212DC4B00EC0C23 /* SideMenuViewController.swift */; };
		5ABAEF50224EE0160022E76A /* extensions.swift in Sources */ = {isa = PBXBuildFile; fileRef = 5ABAEF4F224EE0160022E76A /* extensions.swift */; };
		5ABB6D78226A7B1E00B065BD /* IBDesignables.swift in Sources */ = {isa = PBXBuildFile; fileRef = 5ABB6D77226A7B1E00B065BD /* IBDesignables.swift */; };
		5AC834C72263B91300A35CF2 /* TeamGameStats.swift in Sources */ = {isa = PBXBuildFile; fileRef = 5AC834C62263B91300A35CF2 /* TeamGameStats.swift */; };
		5ACA49C5223EC62600707806 /* TeamStatsViewController.swift in Sources */ = {isa = PBXBuildFile; fileRef = 5ACA49C4223EC62600707806 /* TeamStatsViewController.swift */; };
		5ACFB3E82242F58600E1CB1F /* PlayerNameAndImageCell.swift in Sources */ = {isa = PBXBuildFile; fileRef = 5ACFB3E62242F58600E1CB1F /* PlayerNameAndImageCell.swift */; };
		5ACFB3E92242F58600E1CB1F /* StatsCollectionViewCell1.xib in Resources */ = {isa = PBXBuildFile; fileRef = 5ACFB3E72242F58600E1CB1F /* StatsCollectionViewCell1.xib */; };
		5ADE76172254CB3A00B2C445 /* RadarMarkerView.xib in Resources */ = {isa = PBXBuildFile; fileRef = 5ADE76162254CB3900B2C445 /* RadarMarkerView.xib */; };
		5AE09FC92206578300322894 /* AppDelegate.swift in Sources */ = {isa = PBXBuildFile; fileRef = 5AE09FC82206578300322894 /* AppDelegate.swift */; };
		5AE09FCB2206578300322894 /* SignInViewController.swift in Sources */ = {isa = PBXBuildFile; fileRef = 5AE09FCA2206578300322894 /* SignInViewController.swift */; };
		5AE09FCE2206578300322894 /* Main.storyboard in Resources */ = {isa = PBXBuildFile; fileRef = 5AE09FCC2206578300322894 /* Main.storyboard */; };
		5AE09FD02206578300322894 /* Assets.xcassets in Resources */ = {isa = PBXBuildFile; fileRef = 5AE09FCF2206578300322894 /* Assets.xcassets */; };
		5AE09FD32206578300322894 /* LaunchScreen.storyboard in Resources */ = {isa = PBXBuildFile; fileRef = 5AE09FD12206578300322894 /* LaunchScreen.storyboard */; };
		5AE09FE122065AC500322894 /* GoogleService-Info.plist in Resources */ = {isa = PBXBuildFile; fileRef = 5AE09FE022065AC500322894 /* GoogleService-Info.plist */; };
		5AE09FE322065FF800322894 /* AllTeamsViewController.swift in Sources */ = {isa = PBXBuildFile; fileRef = 5AE09FE222065FF800322894 /* AllTeamsViewController.swift */; };
		5AFF0000223A756700CA089C /* TeamDisplayData.swift in Sources */ = {isa = PBXBuildFile; fileRef = 5AFFFFFF223A756700CA089C /* TeamDisplayData.swift */; };
/* End PBXBuildFile section */

/* Begin PBXFileReference section */
		45C6B3120406B0AEE51AE710 /* Pods_EBL_Test.framework */ = {isa = PBXFileReference; explicitFileType = wrapper.framework; includeInIndex = 0; path = Pods_EBL_Test.framework; sourceTree = BUILT_PRODUCTS_DIR; };
		5A05B8EE2238F8BD0091C87E /* AllTeamsCell.swift */ = {isa = PBXFileReference; lastKnownFileType = sourcecode.swift; path = AllTeamsCell.swift; sourceTree = "<group>"; };
		5A05B8EF2238F8BD0091C87E /* AllTeamsCell.xib */ = {isa = PBXFileReference; lastKnownFileType = file.xib; path = AllTeamsCell.xib; sourceTree = "<group>"; };
		5A1260802220B7A600AC1216 /* TeamsViewController.swift */ = {isa = PBXFileReference; lastKnownFileType = sourcecode.swift; path = TeamsViewController.swift; sourceTree = "<group>"; };
		5A1260822220BD0E00AC1216 /* TeamOverviewViewController.swift */ = {isa = PBXFileReference; lastKnownFileType = sourcecode.swift; path = TeamOverviewViewController.swift; sourceTree = "<group>"; };
		5A1260842220D03F00AC1216 /* TeamGraphsViewController.swift */ = {isa = PBXFileReference; lastKnownFileType = sourcecode.swift; path = TeamGraphsViewController.swift; sourceTree = "<group>"; };
		5A1260862220D06300AC1216 /* PlayersGraphsViewController.swift */ = {isa = PBXFileReference; lastKnownFileType = sourcecode.swift; path = PlayersGraphsViewController.swift; sourceTree = "<group>"; };
		5A1ADF762214276F0058B80A /* PlayersOverviewViewController.swift */ = {isa = PBXFileReference; lastKnownFileType = sourcecode.swift; path = PlayersOverviewViewController.swift; sourceTree = "<group>"; };
		5A1B07672215A59E00871710 /* Team.swift */ = {isa = PBXFileReference; lastKnownFileType = sourcecode.swift; path = Team.swift; sourceTree = "<group>"; };
		5A1B07692215A6AC00871710 /* Player.swift */ = {isa = PBXFileReference; lastKnownFileType = sourcecode.swift; path = Player.swift; sourceTree = "<group>"; };
		5A1D8362220BAA1D003EB3C8 /* SplashScreenViewController.swift */ = {isa = PBXFileReference; lastKnownFileType = sourcecode.swift; path = SplashScreenViewController.swift; sourceTree = "<group>"; };
		5A225CE4228A14EF007A4F25 /* TeamChartManager.swift */ = {isa = PBXFileReference; lastKnownFileType = sourcecode.swift; path = TeamChartManager.swift; sourceTree = "<group>"; };
		5A225CEA228A585D007A4F25 /* LineMarkerView1.xib */ = {isa = PBXFileReference; lastKnownFileType = file.xib; path = LineMarkerView1.xib; sourceTree = "<group>"; };
		5A225CEE228A591A007A4F25 /* LineMarkerView1.swift */ = {isa = PBXFileReference; lastKnownFileType = sourcecode.swift; path = LineMarkerView1.swift; sourceTree = "<group>"; };
		5A225CF0228E1D1A007A4F25 /* LineMarkerView2.swift */ = {isa = PBXFileReference; lastKnownFileType = sourcecode.swift; path = LineMarkerView2.swift; sourceTree = "<group>"; };
		5A225CF2228E1D43007A4F25 /* LineMarkerView2.xib */ = {isa = PBXFileReference; lastKnownFileType = file.xib; path = LineMarkerView2.xib; sourceTree = "<group>"; };
		5A225CF4228E26A3007A4F25 /* LineMarkerView3.swift */ = {isa = PBXFileReference; lastKnownFileType = sourcecode.swift; path = LineMarkerView3.swift; sourceTree = "<group>"; };
		5A225CF6228E26B0007A4F25 /* LineMarkerView3.xib */ = {isa = PBXFileReference; lastKnownFileType = file.xib; path = LineMarkerView3.xib; sourceTree = "<group>"; };
		5A3762132267BB9E0013063F /* OpponentPickerCollectionViewCell.swift */ = {isa = PBXFileReference; lastKnownFileType = sourcecode.swift; path = OpponentPickerCollectionViewCell.swift; sourceTree = "<group>"; };
		5A3762142267BB9E0013063F /* OpponentPickerCollectionViewCell.xib */ = {isa = PBXFileReference; lastKnownFileType = file.xib; path = OpponentPickerCollectionViewCell.xib; sourceTree = "<group>"; };
		5A3AA0182220482F00BEABCC /* StatsCollectionViewCell.swift */ = {isa = PBXFileReference; lastKnownFileType = sourcecode.swift; path = StatsCollectionViewCell.swift; sourceTree = "<group>"; };
		5A3AA01E2220486300BEABCC /* StatsCollectionViewCell2.xib */ = {isa = PBXFileReference; lastKnownFileType = file.xib; path = StatsCollectionViewCell2.xib; sourceTree = "<group>"; };
		5A3AA0242220488300BEABCC /* StatsCollectionViewCell3.xib */ = {isa = PBXFileReference; lastKnownFileType = file.xib; path = StatsCollectionViewCell3.xib; sourceTree = "<group>"; };
		5A3AA03522204D3200BEABCC /* GridTableCustomLayout.swift */ = {isa = PBXFileReference; lastKnownFileType = sourcecode.swift; path = GridTableCustomLayout.swift; sourceTree = "<group>"; };
		5A784801225623B100EACA9C /* RadarMarkerView.swift */ = {isa = PBXFileReference; lastKnownFileType = sourcecode.swift; path = RadarMarkerView.swift; sourceTree = "<group>"; };
		5A85CC4F226BD0E2000D913D /* DatabaseSetter.swift */ = {isa = PBXFileReference; lastKnownFileType = sourcecode.swift; path = DatabaseSetter.swift; sourceTree = "<group>"; };
		5AB2C4B922196FAE00F32A85 /* DatabaseManager.swift */ = {isa = PBXFileReference; lastKnownFileType = sourcecode.swift; path = DatabaseManager.swift; sourceTree = "<group>"; };
		5AB2C4BB22198A5700F32A85 /* TeamTotalStats.swift */ = {isa = PBXFileReference; lastKnownFileType = sourcecode.swift; path = TeamTotalStats.swift; sourceTree = "<group>"; };
		5AB2C4BD221991BD00F32A85 /* PlayerTotalStats.swift */ = {isa = PBXFileReference; lastKnownFileType = sourcecode.swift; path = PlayerTotalStats.swift; sourceTree = "<group>"; };
		5AB62A5B2212DC4B00EC0C23 /* SideMenuViewController.swift */ = {isa = PBXFileReference; lastKnownFileType = sourcecode.swift; path = SideMenuViewController.swift; sourceTree = "<group>"; };
		5ABAEF4F224EE0160022E76A /* extensions.swift */ = {isa = PBXFileReference; lastKnownFileType = sourcecode.swift; path = extensions.swift; sourceTree = "<group>"; };
		5ABB6D77226A7B1E00B065BD /* IBDesignables.swift */ = {isa = PBXFileReference; lastKnownFileType = sourcecode.swift; path = IBDesignables.swift; sourceTree = "<group>"; };
		5AC834C62263B91300A35CF2 /* TeamGameStats.swift */ = {isa = PBXFileReference; lastKnownFileType = sourcecode.swift; path = TeamGameStats.swift; sourceTree = "<group>"; };
		5ACA49C4223EC62600707806 /* TeamStatsViewController.swift */ = {isa = PBXFileReference; lastKnownFileType = sourcecode.swift; path = TeamStatsViewController.swift; sourceTree = "<group>"; };
		5ACFB3E62242F58600E1CB1F /* PlayerNameAndImageCell.swift */ = {isa = PBXFileReference; lastKnownFileType = sourcecode.swift; path = PlayerNameAndImageCell.swift; sourceTree = "<group>"; };
		5ACFB3E72242F58600E1CB1F /* StatsCollectionViewCell1.xib */ = {isa = PBXFileReference; lastKnownFileType = file.xib; path = StatsCollectionViewCell1.xib; sourceTree = "<group>"; };
		5ADE76162254CB3900B2C445 /* RadarMarkerView.xib */ = {isa = PBXFileReference; fileEncoding = 4; lastKnownFileType = file.xib; path = RadarMarkerView.xib; sourceTree = "<group>"; };
		5AE09FC52206578300322894 /* EBL-Test.app */ = {isa = PBXFileReference; explicitFileType = wrapper.application; includeInIndex = 0; path = "EBL-Test.app"; sourceTree = BUILT_PRODUCTS_DIR; };
		5AE09FC82206578300322894 /* AppDelegate.swift */ = {isa = PBXFileReference; lastKnownFileType = sourcecode.swift; path = AppDelegate.swift; sourceTree = "<group>"; };
		5AE09FCA2206578300322894 /* SignInViewController.swift */ = {isa = PBXFileReference; lastKnownFileType = sourcecode.swift; path = SignInViewController.swift; sourceTree = "<group>"; };
		5AE09FCD2206578300322894 /* Base */ = {isa = PBXFileReference; lastKnownFileType = file.storyboard; name = Base; path = Base.lproj/Main.storyboard; sourceTree = "<group>"; };
		5AE09FCF2206578300322894 /* Assets.xcassets */ = {isa = PBXFileReference; lastKnownFileType = folder.assetcatalog; path = Assets.xcassets; sourceTree = "<group>"; };
		5AE09FD22206578300322894 /* Base */ = {isa = PBXFileReference; lastKnownFileType = file.storyboard; name = Base; path = Base.lproj/LaunchScreen.storyboard; sourceTree = "<group>"; };
		5AE09FD42206578300322894 /* Info.plist */ = {isa = PBXFileReference; lastKnownFileType = text.plist.xml; path = Info.plist; sourceTree = "<group>"; };
		5AE09FE022065AC500322894 /* GoogleService-Info.plist */ = {isa = PBXFileReference; fileEncoding = 4; lastKnownFileType = text.plist.xml; path = "GoogleService-Info.plist"; sourceTree = "<group>"; };
		5AE09FE222065FF800322894 /* AllTeamsViewController.swift */ = {isa = PBXFileReference; lastKnownFileType = sourcecode.swift; path = AllTeamsViewController.swift; sourceTree = "<group>"; };
		5AFFFFFF223A756700CA089C /* TeamDisplayData.swift */ = {isa = PBXFileReference; lastKnownFileType = sourcecode.swift; path = TeamDisplayData.swift; sourceTree = "<group>"; };
		65DF8A51FF574494E699584F /* Pods-EBL-Test.debug.xcconfig */ = {isa = PBXFileReference; includeInIndex = 1; lastKnownFileType = text.xcconfig; name = "Pods-EBL-Test.debug.xcconfig"; path = "Pods/Target Support Files/Pods-EBL-Test/Pods-EBL-Test.debug.xcconfig"; sourceTree = "<group>"; };
		9D8952A674FEFE32F855106B /* Pods-EBL-Test.release.xcconfig */ = {isa = PBXFileReference; includeInIndex = 1; lastKnownFileType = text.xcconfig; name = "Pods-EBL-Test.release.xcconfig"; path = "Pods/Target Support Files/Pods-EBL-Test/Pods-EBL-Test.release.xcconfig"; sourceTree = "<group>"; };
/* End PBXFileReference section */

/* Begin PBXFrameworksBuildPhase section */
		5AE09FC22206578300322894 /* Frameworks */ = {
			isa = PBXFrameworksBuildPhase;
			buildActionMask = 2147483647;
			files = (
				24EC958C3E016F931C0682EF /* Pods_EBL_Test.framework in Frameworks */,
			);
			runOnlyForDeploymentPostprocessing = 0;
		};
/* End PBXFrameworksBuildPhase section */

/* Begin PBXGroup section */
		349E89C83C6CAA09B2EF7686 /* Frameworks */ = {
			isa = PBXGroup;
			children = (
				45C6B3120406B0AEE51AE710 /* Pods_EBL_Test.framework */,
			);
			name = Frameworks;
			sourceTree = "<group>";
		};
		5A05B8F22238F8C40091C87E /* AllTeamsCell */ = {
			isa = PBXGroup;
			children = (
				5A05B8EE2238F8BD0091C87E /* AllTeamsCell.swift */,
				5A05B8EF2238F8BD0091C87E /* AllTeamsCell.xib */,
			);
			path = AllTeamsCell;
			sourceTree = "<group>";
		};
		5A12607F2220B6E100AC1216 /* TeamsViewController */ = {
			isa = PBXGroup;
			children = (
				5A1260802220B7A600AC1216 /* TeamsViewController.swift */,
				5AEC0A7822520FB500F17315 /* ChildViewControllers */,
			);
			path = TeamsViewController;
			sourceTree = "<group>";
		};
		5A225CEC228A58F6007A4F25 /* LineChartMarkers */ = {
			isa = PBXGroup;
			children = (
				5A225CFA228E26C1007A4F25 /* 1 */,
				5A225CF9228E26BC007A4F25 /* 2 */,
				5A225CF8228E26B6007A4F25 /* 3 */,
			);
			path = LineChartMarkers;
			sourceTree = "<group>";
		};
		5A225CED228A5903007A4F25 /* RadarChartMarkers */ = {
			isa = PBXGroup;
			children = (
				5A784801225623B100EACA9C /* RadarMarkerView.swift */,
				5ADE76162254CB3900B2C445 /* RadarMarkerView.xib */,
			);
			path = RadarChartMarkers;
			sourceTree = "<group>";
		};
		5A225CF8228E26B6007A4F25 /* 3 */ = {
			isa = PBXGroup;
			children = (
				5A225CF4228E26A3007A4F25 /* LineMarkerView3.swift */,
				5A225CF6228E26B0007A4F25 /* LineMarkerView3.xib */,
			);
			path = 3;
			sourceTree = "<group>";
		};
		5A225CF9228E26BC007A4F25 /* 2 */ = {
			isa = PBXGroup;
			children = (
				5A225CF0228E1D1A007A4F25 /* LineMarkerView2.swift */,
				5A225CF2228E1D43007A4F25 /* LineMarkerView2.xib */,
			);
			path = 2;
			sourceTree = "<group>";
		};
		5A225CFA228E26C1007A4F25 /* 1 */ = {
			isa = PBXGroup;
			children = (
				5A225CEE228A591A007A4F25 /* LineMarkerView1.swift */,
				5A225CEA228A585D007A4F25 /* LineMarkerView1.xib */,
			);
			path = 1;
			sourceTree = "<group>";
		};
		5A3762122267BB670013063F /* OpponentPickerCell */ = {
			isa = PBXGroup;
			children = (
				5A3762132267BB9E0013063F /* OpponentPickerCollectionViewCell.swift */,
				5A3762142267BB9E0013063F /* OpponentPickerCollectionViewCell.xib */,
			);
			path = OpponentPickerCell;
			sourceTree = "<group>";
		};
		5A3AA01C2220483400BEABCC /* StatsCells */ = {
			isa = PBXGroup;
			children = (
				5A3AA0182220482F00BEABCC /* StatsCollectionViewCell.swift */,
				5ACFB3E62242F58600E1CB1F /* PlayerNameAndImageCell.swift */,
				5AAAE89C222DEF6200A84B7D /* Xibs */,
			);
			path = StatsCells;
			sourceTree = "<group>";
		};
		5A3AA03422204CEA00BEABCC /* Layouts */ = {
			isa = PBXGroup;
			children = (
				5A3AA03522204D3200BEABCC /* GridTableCustomLayout.swift */,
			);
			path = Layouts;
			sourceTree = "<group>";
		};
		5A85CC4E226BCDEB000D913D /* Database Classes */ = {
			isa = PBXGroup;
			children = (
				5AB2C4B922196FAE00F32A85 /* DatabaseManager.swift */,
				5A85CC4F226BD0E2000D913D /* DatabaseSetter.swift */,
			);
			path = "Database Classes";
			sourceTree = "<group>";
		};
		5AAAE89C222DEF6200A84B7D /* Xibs */ = {
			isa = PBXGroup;
			children = (
				5ACFB3E72242F58600E1CB1F /* StatsCollectionViewCell1.xib */,
				5A3AA01E2220486300BEABCC /* StatsCollectionViewCell2.xib */,
				5A3AA0242220488300BEABCC /* StatsCollectionViewCell3.xib */,
			);
			path = Xibs;
			sourceTree = "<group>";
		};
		5ABAEF4E224EDFF90022E76A /* Helpers */ = {
			isa = PBXGroup;
			children = (
				5ABAEF4F224EE0160022E76A /* extensions.swift */,
				5ABB6D77226A7B1E00B065BD /* IBDesignables.swift */,
				5A225CE4228A14EF007A4F25 /* TeamChartManager.swift */,
			);
			path = Helpers;
			sourceTree = "<group>";
		};
		5ACFB3EA2242FE0400E1CB1F /* CollectionViewCells */ = {
			isa = PBXGroup;
			children = (
				5A3762122267BB670013063F /* OpponentPickerCell */,
				5A3AA01C2220483400BEABCC /* StatsCells */,
				5A05B8F22238F8C40091C87E /* AllTeamsCell */,
			);
			path = CollectionViewCells;
			sourceTree = "<group>";
		};
		5ADE76182254CB4300B2C445 /* ChartMarkerViews */ = {
			isa = PBXGroup;
			children = (
				5A225CEC228A58F6007A4F25 /* LineChartMarkers */,
				5A225CED228A5903007A4F25 /* RadarChartMarkers */,
			);
			path = ChartMarkerViews;
			sourceTree = "<group>";
		};
		5AE09FBC2206578300322894 = {
			isa = PBXGroup;
			children = (
				5AE09FC72206578300322894 /* EBL-Test */,
				5AE09FC62206578300322894 /* Products */,
				AABFE1CB302FEA5D83786208 /* Pods */,
				349E89C83C6CAA09B2EF7686 /* Frameworks */,
			);
			sourceTree = "<group>";
		};
		5AE09FC62206578300322894 /* Products */ = {
			isa = PBXGroup;
			children = (
				5AE09FC52206578300322894 /* EBL-Test.app */,
			);
			name = Products;
			sourceTree = "<group>";
		};
		5AE09FC72206578300322894 /* EBL-Test */ = {
			isa = PBXGroup;
			children = (
				5AE09FC82206578300322894 /* AppDelegate.swift */,
				5A85CC4E226BCDEB000D913D /* Database Classes */,
				5ABAEF4E224EDFF90022E76A /* Helpers */,
				5AE09FDC2206589F00322894 /* Models */,
				5AE09FDA2206589000322894 /* Controllers */,
				5AE09FDB2206589700322894 /* Views */,
				5A3AA03422204CEA00BEABCC /* Layouts */,
				5AE09FDD220658B400322894 /* Supporting Files */,
				5AE09FD42206578300322894 /* Info.plist */,
				5AE09FE022065AC500322894 /* GoogleService-Info.plist */,
			);
			path = "EBL-Test";
			sourceTree = "<group>";
		};
		5AE09FDA2206589000322894 /* Controllers */ = {
			isa = PBXGroup;
			children = (
				5A1D8362220BAA1D003EB3C8 /* SplashScreenViewController.swift */,
				5AE09FCA2206578300322894 /* SignInViewController.swift */,
				5AB62A5B2212DC4B00EC0C23 /* SideMenuViewController.swift */,
				5AE09FE222065FF800322894 /* AllTeamsViewController.swift */,
				5A12607F2220B6E100AC1216 /* TeamsViewController */,
			);
			path = Controllers;
			sourceTree = "<group>";
		};
		5AE09FDB2206589700322894 /* Views */ = {
			isa = PBXGroup;
			children = (
				5AE09FCC2206578300322894 /* Main.storyboard */,
				5ADE76182254CB4300B2C445 /* ChartMarkerViews */,
				5ACFB3EA2242FE0400E1CB1F /* CollectionViewCells */,
			);
			path = Views;
			sourceTree = "<group>";
		};
		5AE09FDC2206589F00322894 /* Models */ = {
			isa = PBXGroup;
			children = (
				5A1B07672215A59E00871710 /* Team.swift */,
				5AFFFFFF223A756700CA089C /* TeamDisplayData.swift */,
				5AC834C62263B91300A35CF2 /* TeamGameStats.swift */,
				5AB2C4BB22198A5700F32A85 /* TeamTotalStats.swift */,
				5A1B07692215A6AC00871710 /* Player.swift */,
				5AB2C4BD221991BD00F32A85 /* PlayerTotalStats.swift */,
			);
			path = Models;
			sourceTree = "<group>";
		};
		5AE09FDD220658B400322894 /* Supporting Files */ = {
			isa = PBXGroup;
			children = (
				5AE09FCF2206578300322894 /* Assets.xcassets */,
				5AE09FD12206578300322894 /* LaunchScreen.storyboard */,
			);
			path = "Supporting Files";
			sourceTree = "<group>";
		};
		5AEC0A7822520FB500F17315 /* ChildViewControllers */ = {
			isa = PBXGroup;
			children = (
				5A1260822220BD0E00AC1216 /* TeamOverviewViewController.swift */,
				5ACA49C4223EC62600707806 /* TeamStatsViewController.swift */,
				5A1ADF762214276F0058B80A /* PlayersOverviewViewController.swift */,
				5A1260842220D03F00AC1216 /* TeamGraphsViewController.swift */,
				5A1260862220D06300AC1216 /* PlayersGraphsViewController.swift */,
			);
			path = ChildViewControllers;
			sourceTree = "<group>";
		};
		AABFE1CB302FEA5D83786208 /* Pods */ = {
			isa = PBXGroup;
			children = (
				65DF8A51FF574494E699584F /* Pods-EBL-Test.debug.xcconfig */,
				9D8952A674FEFE32F855106B /* Pods-EBL-Test.release.xcconfig */,
			);
			name = Pods;
			sourceTree = "<group>";
		};
/* End PBXGroup section */

/* Begin PBXNativeTarget section */
		5AE09FC42206578300322894 /* EBL-Test */ = {
			isa = PBXNativeTarget;
			buildConfigurationList = 5AE09FD72206578300322894 /* Build configuration list for PBXNativeTarget "EBL-Test" */;
			buildPhases = (
				065B6D6B77001E8F6F292E09 /* [CP] Check Pods Manifest.lock */,
				5AE09FC12206578300322894 /* Sources */,
				5AE09FC22206578300322894 /* Frameworks */,
				5AE09FC32206578300322894 /* Resources */,
				3738233AB84D042BC457CBED /* [CP] Embed Pods Frameworks */,
				660F0AEA8FB2DCAA54B8E0C6 /* [CP] Copy Pods Resources */,
			);
			buildRules = (
			);
			dependencies = (
			);
			name = "EBL-Test";
			productName = "EBL-Test";
			productReference = 5AE09FC52206578300322894 /* EBL-Test.app */;
			productType = "com.apple.product-type.application";
		};
/* End PBXNativeTarget section */

/* Begin PBXProject section */
		5AE09FBD2206578300322894 /* Project object */ = {
			isa = PBXProject;
			attributes = {
				LastSwiftUpdateCheck = 1010;
				LastUpgradeCheck = 1010;
				ORGANIZATIONNAME = "Zeyad Atef";
				TargetAttributes = {
					5AE09FC42206578300322894 = {
						CreatedOnToolsVersion = 10.1;
						LastSwiftMigration = 1020;
						SystemCapabilities = {
							com.apple.BackgroundModes = {
								enabled = 1;
							};
						};
					};
				};
			};
			buildConfigurationList = 5AE09FC02206578300322894 /* Build configuration list for PBXProject "EBL-Test" */;
			compatibilityVersion = "Xcode 9.3";
			developmentRegion = en;
			hasScannedForEncodings = 0;
			knownRegions = (
				en,
				Base,
			);
			mainGroup = 5AE09FBC2206578300322894;
			productRefGroup = 5AE09FC62206578300322894 /* Products */;
			projectDirPath = "";
			projectRoot = "";
			targets = (
				5AE09FC42206578300322894 /* EBL-Test */,
			);
		};
/* End PBXProject section */

/* Begin PBXResourcesBuildPhase section */
		5AE09FC32206578300322894 /* Resources */ = {
			isa = PBXResourcesBuildPhase;
			buildActionMask = 2147483647;
			files = (
				5A225CEB228A585D007A4F25 /* LineMarkerView1.xib in Resources */,
				5AE09FD32206578300322894 /* LaunchScreen.storyboard in Resources */,
				5A3762162267BB9E0013063F /* OpponentPickerCollectionViewCell.xib in Resources */,
				5A3AA0262220488300BEABCC /* StatsCollectionViewCell3.xib in Resources */,
				5ADE76172254CB3A00B2C445 /* RadarMarkerView.xib in Resources */,
				5AE09FE122065AC500322894 /* GoogleService-Info.plist in Resources */,
				5A225CF7228E26B0007A4F25 /* LineMarkerView3.xib in Resources */,
				5A05B8F12238F8BD0091C87E /* AllTeamsCell.xib in Resources */,
				5AE09FD02206578300322894 /* Assets.xcassets in Resources */,
				5AE09FCE2206578300322894 /* Main.storyboard in Resources */,
				5ACFB3E92242F58600E1CB1F /* StatsCollectionViewCell1.xib in Resources */,
				5A3AA0202220486300BEABCC /* StatsCollectionViewCell2.xib in Resources */,
				5A225CF3228E1D43007A4F25 /* LineMarkerView2.xib in Resources */,
			);
			runOnlyForDeploymentPostprocessing = 0;
		};
/* End PBXResourcesBuildPhase section */

/* Begin PBXShellScriptBuildPhase section */
		065B6D6B77001E8F6F292E09 /* [CP] Check Pods Manifest.lock */ = {
			isa = PBXShellScriptBuildPhase;
			buildActionMask = 2147483647;
			files = (
			);
			inputFileListPaths = (
			);
			inputPaths = (
				"${PODS_PODFILE_DIR_PATH}/Podfile.lock",
				"${PODS_ROOT}/Manifest.lock",
			);
			name = "[CP] Check Pods Manifest.lock";
			outputFileListPaths = (
			);
			outputPaths = (
				"$(DERIVED_FILE_DIR)/Pods-EBL-Test-checkManifestLockResult.txt",
			);
			runOnlyForDeploymentPostprocessing = 0;
			shellPath = /bin/sh;
			shellScript = "diff \"${PODS_PODFILE_DIR_PATH}/Podfile.lock\" \"${PODS_ROOT}/Manifest.lock\" > /dev/null\nif [ $? != 0 ] ; then\n    # print error to STDERR\n    echo \"error: The sandbox is not in sync with the Podfile.lock. Run 'pod install' or update your CocoaPods installation.\" >&2\n    exit 1\nfi\n# This output is used by Xcode 'outputs' to avoid re-running this script phase.\necho \"SUCCESS\" > \"${SCRIPT_OUTPUT_FILE_0}\"\n";
			showEnvVarsInLog = 0;
		};
		3738233AB84D042BC457CBED /* [CP] Embed Pods Frameworks */ = {
			isa = PBXShellScriptBuildPhase;
			buildActionMask = 2147483647;
			files = (
			);
			inputFileListPaths = (
			);
			inputPaths = (
				"${PODS_ROOT}/Target Support Files/Pods-EBL-Test/Pods-EBL-Test-frameworks.sh",
				"${BUILT_PRODUCTS_DIR}/Bolts/Bolts.framework",
				"${BUILT_PRODUCTS_DIR}/BoringSSL-GRPC/openssl_grpc.framework",
				"${BUILT_PRODUCTS_DIR}/ChameleonFramework/ChameleonFramework.framework",
				"${BUILT_PRODUCTS_DIR}/Charts/Charts.framework",
				"${BUILT_PRODUCTS_DIR}/FBSDKCoreKit/FBSDKCoreKit.framework",
				"${BUILT_PRODUCTS_DIR}/FBSDKLoginKit/FBSDKLoginKit.framework",
				"${BUILT_PRODUCTS_DIR}/FacebookCore/FacebookCore.framework",
				"${BUILT_PRODUCTS_DIR}/FacebookLogin/FacebookLogin.framework",
				"${BUILT_PRODUCTS_DIR}/GTMSessionFetcher/GTMSessionFetcher.framework",
				"${BUILT_PRODUCTS_DIR}/GoogleToolboxForMac/GoogleToolboxForMac.framework",
				"${BUILT_PRODUCTS_DIR}/GoogleUtilities/GoogleUtilities.framework",
				"${BUILT_PRODUCTS_DIR}/Kingfisher/Kingfisher.framework",
				"${BUILT_PRODUCTS_DIR}/NVActivityIndicatorView/NVActivityIndicatorView.framework",
				"${BUILT_PRODUCTS_DIR}/Protobuf/Protobuf.framework",
				"${BUILT_PRODUCTS_DIR}/SVProgressHUD/SVProgressHUD.framework",
				"${BUILT_PRODUCTS_DIR}/Segmentio/Segmentio.framework",
				"${BUILT_PRODUCTS_DIR}/SideMenu/SideMenu.framework",
				"${BUILT_PRODUCTS_DIR}/SkeletonView/SkeletonView.framework",
				"${BUILT_PRODUCTS_DIR}/gRPC-C++/grpcpp.framework",
				"${BUILT_PRODUCTS_DIR}/gRPC-Core/grpc.framework",
				"${BUILT_PRODUCTS_DIR}/leveldb-library/leveldb.framework",
				"${BUILT_PRODUCTS_DIR}/nanopb/nanopb.framework",
			);
			name = "[CP] Embed Pods Frameworks";
			outputFileListPaths = (
			);
			outputPaths = (
				"${TARGET_BUILD_DIR}/${FRAMEWORKS_FOLDER_PATH}/Bolts.framework",
				"${TARGET_BUILD_DIR}/${FRAMEWORKS_FOLDER_PATH}/openssl_grpc.framework",
				"${TARGET_BUILD_DIR}/${FRAMEWORKS_FOLDER_PATH}/ChameleonFramework.framework",
				"${TARGET_BUILD_DIR}/${FRAMEWORKS_FOLDER_PATH}/Charts.framework",
				"${TARGET_BUILD_DIR}/${FRAMEWORKS_FOLDER_PATH}/FBSDKCoreKit.framework",
				"${TARGET_BUILD_DIR}/${FRAMEWORKS_FOLDER_PATH}/FBSDKLoginKit.framework",
				"${TARGET_BUILD_DIR}/${FRAMEWORKS_FOLDER_PATH}/FacebookCore.framework",
				"${TARGET_BUILD_DIR}/${FRAMEWORKS_FOLDER_PATH}/FacebookLogin.framework",
				"${TARGET_BUILD_DIR}/${FRAMEWORKS_FOLDER_PATH}/GTMSessionFetcher.framework",
				"${TARGET_BUILD_DIR}/${FRAMEWORKS_FOLDER_PATH}/GoogleToolboxForMac.framework",
				"${TARGET_BUILD_DIR}/${FRAMEWORKS_FOLDER_PATH}/GoogleUtilities.framework",
				"${TARGET_BUILD_DIR}/${FRAMEWORKS_FOLDER_PATH}/Kingfisher.framework",
				"${TARGET_BUILD_DIR}/${FRAMEWORKS_FOLDER_PATH}/NVActivityIndicatorView.framework",
				"${TARGET_BUILD_DIR}/${FRAMEWORKS_FOLDER_PATH}/Protobuf.framework",
				"${TARGET_BUILD_DIR}/${FRAMEWORKS_FOLDER_PATH}/SVProgressHUD.framework",
				"${TARGET_BUILD_DIR}/${FRAMEWORKS_FOLDER_PATH}/Segmentio.framework",
				"${TARGET_BUILD_DIR}/${FRAMEWORKS_FOLDER_PATH}/SideMenu.framework",
				"${TARGET_BUILD_DIR}/${FRAMEWORKS_FOLDER_PATH}/SkeletonView.framework",
				"${TARGET_BUILD_DIR}/${FRAMEWORKS_FOLDER_PATH}/grpcpp.framework",
				"${TARGET_BUILD_DIR}/${FRAMEWORKS_FOLDER_PATH}/grpc.framework",
				"${TARGET_BUILD_DIR}/${FRAMEWORKS_FOLDER_PATH}/leveldb.framework",
				"${TARGET_BUILD_DIR}/${FRAMEWORKS_FOLDER_PATH}/nanopb.framework",
			);
			runOnlyForDeploymentPostprocessing = 0;
			shellPath = /bin/sh;
			shellScript = "\"${PODS_ROOT}/Target Support Files/Pods-EBL-Test/Pods-EBL-Test-frameworks.sh\"\n";
			showEnvVarsInLog = 0;
		};
		660F0AEA8FB2DCAA54B8E0C6 /* [CP] Copy Pods Resources */ = {
			isa = PBXShellScriptBuildPhase;
			buildActionMask = 2147483647;
			files = (
			);
			inputFileListPaths = (
			);
			inputPaths = (
				"${PODS_ROOT}/Target Support Files/Pods-EBL-Test/Pods-EBL-Test-resources.sh",
				"${PODS_ROOT}/GoogleSignIn/Resources/GoogleSignIn.bundle",
			);
			name = "[CP] Copy Pods Resources";
			outputFileListPaths = (
			);
			outputPaths = (
				"${TARGET_BUILD_DIR}/${UNLOCALIZED_RESOURCES_FOLDER_PATH}/GoogleSignIn.bundle",
			);
			runOnlyForDeploymentPostprocessing = 0;
			shellPath = /bin/sh;
			shellScript = "\"${PODS_ROOT}/Target Support Files/Pods-EBL-Test/Pods-EBL-Test-resources.sh\"\n";
			showEnvVarsInLog = 0;
		};
/* End PBXShellScriptBuildPhase section */

/* Begin PBXSourcesBuildPhase section */
		5AE09FC12206578300322894 /* Sources */ = {
			isa = PBXSourcesBuildPhase;
			buildActionMask = 2147483647;
			files = (
				5A225CF5228E26A3007A4F25 /* LineMarkerView3.swift in Sources */,
				5A1260872220D06300AC1216 /* PlayersGraphsViewController.swift in Sources */,
				5A1260832220BD0E00AC1216 /* TeamOverviewViewController.swift in Sources */,
				5AFF0000223A756700CA089C /* TeamDisplayData.swift in Sources */,
				5ABAEF50224EE0160022E76A /* extensions.swift in Sources */,
				5A1B07682215A59E00871710 /* Team.swift in Sources */,
				5AB2C4BA22196FAE00F32A85 /* DatabaseManager.swift in Sources */,
				5AC834C72263B91300A35CF2 /* TeamGameStats.swift in Sources */,
				5ACFB3E82242F58600E1CB1F /* PlayerNameAndImageCell.swift in Sources */,
				5AB2C4BE221991BD00F32A85 /* PlayerTotalStats.swift in Sources */,
				5A225CEF228A591A007A4F25 /* LineMarkerView1.swift in Sources */,
				5AE09FCB2206578300322894 /* SignInViewController.swift in Sources */,
				5A1260812220B7A600AC1216 /* TeamsViewController.swift in Sources */,
				5A1260852220D03F00AC1216 /* TeamGraphsViewController.swift in Sources */,
				5A3762152267BB9E0013063F /* OpponentPickerCollectionViewCell.swift in Sources */,
				5A1ADF772214276F0058B80A /* PlayersOverviewViewController.swift in Sources */,
				5AE09FC92206578300322894 /* AppDelegate.swift in Sources */,
				5A05B8F02238F8BD0091C87E /* AllTeamsCell.swift in Sources */,
				5A225CE5228A14EF007A4F25 /* TeamChartManager.swift in Sources */,
				5AB62A5C2212DC4B00EC0C23 /* SideMenuViewController.swift in Sources */,
				5A225CF1228E1D1A007A4F25 /* LineMarkerView2.swift in Sources */,
				5ACA49C5223EC62600707806 /* TeamStatsViewController.swift in Sources */,
				5A1D8363220BAA1D003EB3C8 /* SplashScreenViewController.swift in Sources */,
				5A784802225623B100EACA9C /* RadarMarkerView.swift in Sources */,
				5A3AA01A2220482F00BEABCC /* StatsCollectionViewCell.swift in Sources */,
				5ABB6D78226A7B1E00B065BD /* IBDesignables.swift in Sources */,
				5AB2C4BC22198A5700F32A85 /* TeamTotalStats.swift in Sources */,
				5A3AA03622204D3200BEABCC /* GridTableCustomLayout.swift in Sources */,
				5A1B076A2215A6AC00871710 /* Player.swift in Sources */,
				5AE09FE322065FF800322894 /* AllTeamsViewController.swift in Sources */,
				5A85CC50226BD0E2000D913D /* DatabaseSetter.swift in Sources */,
			);
			runOnlyForDeploymentPostprocessing = 0;
		};
/* End PBXSourcesBuildPhase section */

/* Begin PBXVariantGroup section */
		5AE09FCC2206578300322894 /* Main.storyboard */ = {
			isa = PBXVariantGroup;
			children = (
				5AE09FCD2206578300322894 /* Base */,
			);
			name = Main.storyboard;
			sourceTree = "<group>";
		};
		5AE09FD12206578300322894 /* LaunchScreen.storyboard */ = {
			isa = PBXVariantGroup;
			children = (
				5AE09FD22206578300322894 /* Base */,
			);
			name = LaunchScreen.storyboard;
			sourceTree = "<group>";
		};
/* End PBXVariantGroup section */

/* Begin XCBuildConfiguration section */
		5AE09FD52206578300322894 /* Debug */ = {
			isa = XCBuildConfiguration;
			buildSettings = {
				ALWAYS_SEARCH_USER_PATHS = NO;
				CLANG_ANALYZER_NONNULL = YES;
				CLANG_ANALYZER_NUMBER_OBJECT_CONVERSION = YES_AGGRESSIVE;
				CLANG_CXX_LANGUAGE_STANDARD = "gnu++14";
				CLANG_CXX_LIBRARY = "libc++";
				CLANG_ENABLE_MODULES = YES;
				CLANG_ENABLE_OBJC_ARC = YES;
				CLANG_ENABLE_OBJC_WEAK = YES;
				CLANG_WARN_BLOCK_CAPTURE_AUTORELEASING = YES;
				CLANG_WARN_BOOL_CONVERSION = YES;
				CLANG_WARN_COMMA = YES;
				CLANG_WARN_CONSTANT_CONVERSION = YES;
				CLANG_WARN_DEPRECATED_OBJC_IMPLEMENTATIONS = YES;
				CLANG_WARN_DIRECT_OBJC_ISA_USAGE = YES_ERROR;
				CLANG_WARN_DOCUMENTATION_COMMENTS = YES;
				CLANG_WARN_EMPTY_BODY = YES;
				CLANG_WARN_ENUM_CONVERSION = YES;
				CLANG_WARN_INFINITE_RECURSION = YES;
				CLANG_WARN_INT_CONVERSION = YES;
				CLANG_WARN_NON_LITERAL_NULL_CONVERSION = YES;
				CLANG_WARN_OBJC_IMPLICIT_RETAIN_SELF = YES;
				CLANG_WARN_OBJC_LITERAL_CONVERSION = YES;
				CLANG_WARN_OBJC_ROOT_CLASS = YES_ERROR;
				CLANG_WARN_RANGE_LOOP_ANALYSIS = YES;
				CLANG_WARN_STRICT_PROTOTYPES = YES;
				CLANG_WARN_SUSPICIOUS_MOVE = YES;
				CLANG_WARN_UNGUARDED_AVAILABILITY = YES_AGGRESSIVE;
				CLANG_WARN_UNREACHABLE_CODE = YES;
				CLANG_WARN__DUPLICATE_METHOD_MATCH = YES;
				CODE_SIGN_IDENTITY = "iPhone Developer";
				COPY_PHASE_STRIP = NO;
				DEBUG_INFORMATION_FORMAT = dwarf;
				ENABLE_STRICT_OBJC_MSGSEND = YES;
				ENABLE_TESTABILITY = YES;
				GCC_C_LANGUAGE_STANDARD = gnu11;
				GCC_DYNAMIC_NO_PIC = NO;
				GCC_NO_COMMON_BLOCKS = YES;
				GCC_OPTIMIZATION_LEVEL = 0;
				GCC_PREPROCESSOR_DEFINITIONS = (
					"DEBUG=1",
					"$(inherited)",
				);
				GCC_WARN_64_TO_32_BIT_CONVERSION = YES;
				GCC_WARN_ABOUT_RETURN_TYPE = YES_ERROR;
				GCC_WARN_UNDECLARED_SELECTOR = YES;
				GCC_WARN_UNINITIALIZED_AUTOS = YES_AGGRESSIVE;
				GCC_WARN_UNUSED_FUNCTION = YES;
				GCC_WARN_UNUSED_VARIABLE = YES;
				IPHONEOS_DEPLOYMENT_TARGET = 12.1;
				MTL_ENABLE_DEBUG_INFO = INCLUDE_SOURCE;
				MTL_FAST_MATH = YES;
				ONLY_ACTIVE_ARCH = YES;
				OTHER_LDFLAGS = "";
				SDKROOT = iphoneos;
				SWIFT_ACTIVE_COMPILATION_CONDITIONS = DEBUG;
				SWIFT_OPTIMIZATION_LEVEL = "-Onone";
			};
			name = Debug;
		};
		5AE09FD62206578300322894 /* Release */ = {
			isa = XCBuildConfiguration;
			buildSettings = {
				ALWAYS_SEARCH_USER_PATHS = NO;
				CLANG_ANALYZER_NONNULL = YES;
				CLANG_ANALYZER_NUMBER_OBJECT_CONVERSION = YES_AGGRESSIVE;
				CLANG_CXX_LANGUAGE_STANDARD = "gnu++14";
				CLANG_CXX_LIBRARY = "libc++";
				CLANG_ENABLE_MODULES = YES;
				CLANG_ENABLE_OBJC_ARC = YES;
				CLANG_ENABLE_OBJC_WEAK = YES;
				CLANG_WARN_BLOCK_CAPTURE_AUTORELEASING = YES;
				CLANG_WARN_BOOL_CONVERSION = YES;
				CLANG_WARN_COMMA = YES;
				CLANG_WARN_CONSTANT_CONVERSION = YES;
				CLANG_WARN_DEPRECATED_OBJC_IMPLEMENTATIONS = YES;
				CLANG_WARN_DIRECT_OBJC_ISA_USAGE = YES_ERROR;
				CLANG_WARN_DOCUMENTATION_COMMENTS = YES;
				CLANG_WARN_EMPTY_BODY = YES;
				CLANG_WARN_ENUM_CONVERSION = YES;
				CLANG_WARN_INFINITE_RECURSION = YES;
				CLANG_WARN_INT_CONVERSION = YES;
				CLANG_WARN_NON_LITERAL_NULL_CONVERSION = YES;
				CLANG_WARN_OBJC_IMPLICIT_RETAIN_SELF = YES;
				CLANG_WARN_OBJC_LITERAL_CONVERSION = YES;
				CLANG_WARN_OBJC_ROOT_CLASS = YES_ERROR;
				CLANG_WARN_RANGE_LOOP_ANALYSIS = YES;
				CLANG_WARN_STRICT_PROTOTYPES = YES;
				CLANG_WARN_SUSPICIOUS_MOVE = YES;
				CLANG_WARN_UNGUARDED_AVAILABILITY = YES_AGGRESSIVE;
				CLANG_WARN_UNREACHABLE_CODE = YES;
				CLANG_WARN__DUPLICATE_METHOD_MATCH = YES;
				CODE_SIGN_IDENTITY = "iPhone Developer";
				COPY_PHASE_STRIP = NO;
				DEBUG_INFORMATION_FORMAT = "dwarf-with-dsym";
				ENABLE_NS_ASSERTIONS = NO;
				ENABLE_STRICT_OBJC_MSGSEND = YES;
				GCC_C_LANGUAGE_STANDARD = gnu11;
				GCC_NO_COMMON_BLOCKS = YES;
				GCC_WARN_64_TO_32_BIT_CONVERSION = YES;
				GCC_WARN_ABOUT_RETURN_TYPE = YES_ERROR;
				GCC_WARN_UNDECLARED_SELECTOR = YES;
				GCC_WARN_UNINITIALIZED_AUTOS = YES_AGGRESSIVE;
				GCC_WARN_UNUSED_FUNCTION = YES;
				GCC_WARN_UNUSED_VARIABLE = YES;
				IPHONEOS_DEPLOYMENT_TARGET = 12.1;
				MTL_ENABLE_DEBUG_INFO = NO;
				MTL_FAST_MATH = YES;
				OTHER_LDFLAGS = "";
				SDKROOT = iphoneos;
				SWIFT_COMPILATION_MODE = wholemodule;
				SWIFT_OPTIMIZATION_LEVEL = "-O";
				VALIDATE_PRODUCT = YES;
			};
			name = Release;
		};
		5AE09FD82206578300322894 /* Debug */ = {
			isa = XCBuildConfiguration;
			baseConfigurationReference = 65DF8A51FF574494E699584F /* Pods-EBL-Test.debug.xcconfig */;
			buildSettings = {
				ASSETCATALOG_COMPILER_APPICON_NAME = AppIcon;
				CODE_SIGN_STYLE = Automatic;
				DEVELOPMENT_TEAM = FZ72KW99F3;
				INFOPLIST_FILE = "EBL-Test/Info.plist";
				LD_RUNPATH_SEARCH_PATHS = (
					"$(inherited)",
					"@executable_path/Frameworks",
				);
				PRODUCT_BUNDLE_IDENTIFIER = "com.zeatef.EBL-Test";
				PRODUCT_NAME = "$(TARGET_NAME)";
				SWIFT_VERSION = 4.2;
				TARGETED_DEVICE_FAMILY = "1,2";
			};
			name = Debug;
		};
		5AE09FD92206578300322894 /* Release */ = {
			isa = XCBuildConfiguration;
			baseConfigurationReference = 9D8952A674FEFE32F855106B /* Pods-EBL-Test.release.xcconfig */;
			buildSettings = {
				ASSETCATALOG_COMPILER_APPICON_NAME = AppIcon;
				CODE_SIGN_STYLE = Automatic;
				DEVELOPMENT_TEAM = FZ72KW99F3;
				INFOPLIST_FILE = "EBL-Test/Info.plist";
				LD_RUNPATH_SEARCH_PATHS = (
					"$(inherited)",
					"@executable_path/Frameworks",
				);
				PRODUCT_BUNDLE_IDENTIFIER = "com.zeatef.EBL-Test";
				PRODUCT_NAME = "$(TARGET_NAME)";
				SWIFT_VERSION = 4.2;
				TARGETED_DEVICE_FAMILY = "1,2";
			};
			name = Release;
		};
/* End XCBuildConfiguration section */

/* Begin XCConfigurationList section */
		5AE09FC02206578300322894 /* Build configuration list for PBXProject "EBL-Test" */ = {
			isa = XCConfigurationList;
			buildConfigurations = (
				5AE09FD52206578300322894 /* Debug */,
				5AE09FD62206578300322894 /* Release */,
			);
			defaultConfigurationIsVisible = 0;
			defaultConfigurationName = Release;
		};
		5AE09FD72206578300322894 /* Build configuration list for PBXNativeTarget "EBL-Test" */ = {
			isa = XCConfigurationList;
			buildConfigurations = (
				5AE09FD82206578300322894 /* Debug */,
				5AE09FD92206578300322894 /* Release */,
			);
			defaultConfigurationIsVisible = 0;
			defaultConfigurationName = Release;
		};
/* End XCConfigurationList section */
	};
	rootObject = 5AE09FBD2206578300322894 /* Project object */;
}
